
Microsoft Visual Studio Solution File, Format Version 12.00
# Visual Studio Version 17
VisualStudioVersion = 17.0.31903.59
MinimumVisualStudioVersion = 10.0.40219.1
Project("{FAE04EC0-301F-11D3-BF4B-00C04F79EFBC}") = "NeuralBee.UI", "NeuralBee.UI\NeuralBee.UI.csproj", "{C9A8C546-9F2B-4EAD-A44C-53B18F9E7A3E}"
EndProject
Project("{FAE04EC0-301F-11D3-BF4B-00C04F79EFBC}") = "NeuralBee.Core", "NeuralBee.Core\NeuralBee.Core.csproj", "{1B4F7B8F-0B3A-4F6B-8E6A-5C9B7F1C0A0D}"
EndProject
Project("{FAE04EC0-301F-11D3-BF4B-00C04F79EFBC}") = "NeuralBee.Infrastructure", "NeuralBee.Infrastructure\NeuralBee.Infrastructure.csproj", "{2C5F8B9E-1C4A-4F7B-8E7B-6C9B8F2C1B1E}"
EndProject
Global
	GlobalSection(SolutionConfigurationPlatforms) = preSolution
		Debug|Any CPU = Debug|Any CPU
		Release|Any CPU = Release|Any CPU
	EndGlobalSection
	GlobalSection(ProjectConfigurationPlatforms) = postSolution
		{C9A8C546-9F2B-4EAD-A44C-53B18F9E7A3E}.Debug|Any CPU.ActiveCfg = Debug|Any CPU
		{C9A8C546-9F2B-4EAD-A44C-53B18F9E7A3E}.Debug|Any CPU.Build.0 = Debug|Any CPU
		{C9A8C546-9F2B-4EAD-A44C-53B18F9E7A3E}.Release|Any CPU.ActiveCfg = Release|Any CPU
		{C9A8C546-9F2B-4EAD-A44C-53B18F9E7A3E}.Release|Any CPU.Build.0 = Release|Any CPU
		{1B4F7B8F-0B3A-4F6B-8E6A-5C9B7F1C0A0D}.Debug|Any CPU.ActiveCfg = Debug|Any CPU
		{1B4F7B8F-0B3A-4F6B-8E6A-5C9B7F1C0A0D}.Debug|Any CPU.Build.0 = Debug|Any CPU
		{1B4F7B8F-0B3A-4F6B-8E6A-5C9B7F1C0A0D}.Release|Any CPU.ActiveCfg = Release|Any CPU
		{1B4F7B8F-0B3A-4F6B-8E6A-5C9B7F1C0A0D}.Release|Any CPU.Build.0 = Release|Any CPU
		{2C5F8B9E-1C4A-4F7B-8E7B-6C9B8F2C1B1E}.Debug|Any CPU.ActiveCfg = Debug|Any CPU
		{2C5F8B9E-1C4A-4F7B-8E7B-6C9B8F2C1B1E}.Debug|Any CPU.Build.0 = Debug|Any CPU
		{2C5F8B9E-1C4A-4F7B-8E7B-6C9B8F2C1B1E}.Release|Any CPU.ActiveCfg = Release|Any CPU
		{2C5F8B9E-1C4A-4F7B-8E7B-6C9B8F2C1B1E}.Release|Any CPU.Build.0 = Release|Any CPU
	EndGlobalSection
	GlobalSection(SolutionProperties) = preSolution
		HideSolutionNode = FALSE
	EndGlobalSection
EndGlobal
